
Microsoft Visual Studio Solution File, Format Version 12.00
# Visual Studio 15
VisualStudioVersion = 15.0.28307.1705
MinimumVisualStudioVersion = 10.0.40219.1
Project("{FAE04EC0-301F-11D3-BF4B-00C04F79EFBC}") = "prog2.4form", "prog2.4form\prog2.4form.csproj", "{B3ACEDE4-97E6-4651-85C4-40E4F3849A97}"
EndProject
Global
	GlobalSection(SolutionConfigurationPlatforms) = preSolution
		Debug|Any CPU = Debug|Any CPU
		Release|Any CPU = Release|Any CPU
	EndGlobalSection
	GlobalSection(ProjectConfigurationPlatforms) = postSolution
		{B3ACEDE4-97E6-4651-85C4-40E4F3849A97}.Debug|Any CPU.ActiveCfg = Debug|Any CPU
		{B3ACEDE4-97E6-4651-85C4-40E4F3849A97}.Debug|Any CPU.Build.0 = Debug|Any CPU
		{B3ACEDE4-97E6-4651-85C4-40E4F3849A97}.Release|Any CPU.ActiveCfg = Release|Any CPU
		{B3ACEDE4-97E6-4651-85C4-40E4F3849A97}.Release|Any CPU.Build.0 = Release|Any CPU
	EndGlobalSection
	GlobalSection(SolutionProperties) = preSolution
		HideSolutionNode = FALSE
	EndGlobalSection
	GlobalSection(ExtensibilityGlobals) = postSolution
		SolutionGuid = {8F5747F1-5812-4E0B-944D-9DC1BD3C6FEB}
	EndGlobalSection
EndGlobal
