
Microsoft Visual Studio Solution File, Format Version 12.00
# Visual Studio 15
VisualStudioVersion = 15.0.28307.1705
MinimumVisualStudioVersion = 10.0.40219.1
Project("{FAE04EC0-301F-11D3-BF4B-00C04F79EFBC}") = "prog2.1", "prog2.1\prog2.1.csproj", "{F1377AEA-6669-4BDD-9C2E-32F577DB2430}"
EndProject
Global
	GlobalSection(SolutionConfigurationPlatforms) = preSolution
		Debug|Any CPU = Debug|Any CPU
		Release|Any CPU = Release|Any CPU
	EndGlobalSection
	GlobalSection(ProjectConfigurationPlatforms) = postSolution
		{F1377AEA-6669-4BDD-9C2E-32F577DB2430}.Debug|Any CPU.ActiveCfg = Debug|Any CPU
		{F1377AEA-6669-4BDD-9C2E-32F577DB2430}.Debug|Any CPU.Build.0 = Debug|Any CPU
		{F1377AEA-6669-4BDD-9C2E-32F577DB2430}.Release|Any CPU.ActiveCfg = Release|Any CPU
		{F1377AEA-6669-4BDD-9C2E-32F577DB2430}.Release|Any CPU.Build.0 = Release|Any CPU
	EndGlobalSection
	GlobalSection(SolutionProperties) = preSolution
		HideSolutionNode = FALSE
	EndGlobalSection
	GlobalSection(ExtensibilityGlobals) = postSolution
		SolutionGuid = {D3D6D0B0-A823-4EF0-8DAD-A52C8404ACCC}
	EndGlobalSection
EndGlobal
