
Microsoft Visual Studio Solution File, Format Version 12.00
# Visual Studio 15
VisualStudioVersion = 15.0.28307.1705
MinimumVisualStudioVersion = 10.0.40219.1
Project("{FAE04EC0-301F-11D3-BF4B-00C04F79EFBC}") = "prog 2.2", "prog 2.2\prog 2.2.csproj", "{89203307-982A-400E-9AD9-78B19CDCDB41}"
EndProject
Global
	GlobalSection(SolutionConfigurationPlatforms) = preSolution
		Debug|Any CPU = Debug|Any CPU
		Release|Any CPU = Release|Any CPU
	EndGlobalSection
	GlobalSection(ProjectConfigurationPlatforms) = postSolution
		{89203307-982A-400E-9AD9-78B19CDCDB41}.Debug|Any CPU.ActiveCfg = Debug|Any CPU
		{89203307-982A-400E-9AD9-78B19CDCDB41}.Debug|Any CPU.Build.0 = Debug|Any CPU
		{89203307-982A-400E-9AD9-78B19CDCDB41}.Release|Any CPU.ActiveCfg = Release|Any CPU
		{89203307-982A-400E-9AD9-78B19CDCDB41}.Release|Any CPU.Build.0 = Release|Any CPU
	EndGlobalSection
	GlobalSection(SolutionProperties) = preSolution
		HideSolutionNode = FALSE
	EndGlobalSection
	GlobalSection(ExtensibilityGlobals) = postSolution
		SolutionGuid = {61C191C9-4785-4A57-85A2-F36403DA2BF7}
	EndGlobalSection
EndGlobal
